
Microsoft Visual Studio Solution File, Format Version 12.00
# Visual Studio 14
VisualStudioVersion = 14.0.25420.1
MinimumVisualStudioVersion = 10.0.40219.1
Project("{FAE04EC0-301F-11D3-BF4B-00C04F79EFBC}") = "MoreMoney", "MoreMoney\MoreMoney.csproj", "{2BF2D7E2-894C-413B-BE6C-D665E78FDAC3}"
EndProject
Project("{FAE04EC0-301F-11D3-BF4B-00C04F79EFBC}") = "MoneyCore", "MoneyCore\MoneyCore.csproj", "{745D84BA-4917-4EB5-A3C9-3524866ED864}"
EndProject
Global
	GlobalSection(SolutionConfigurationPlatforms) = preSolution
		Debug|Any CPU = Debug|Any CPU
		Release|Any CPU = Release|Any CPU
	EndGlobalSection
	GlobalSection(ProjectConfigurationPlatforms) = postSolution
		{2BF2D7E2-894C-413B-BE6C-D665E78FDAC3}.Debug|Any CPU.ActiveCfg = Debug|Any CPU
		{2BF2D7E2-894C-413B-BE6C-D665E78FDAC3}.Debug|Any CPU.Build.0 = Debug|Any CPU
		{2BF2D7E2-894C-413B-BE6C-D665E78FDAC3}.Release|Any CPU.ActiveCfg = Release|Any CPU
		{2BF2D7E2-894C-413B-BE6C-D665E78FDAC3}.Release|Any CPU.Build.0 = Release|Any CPU
		{745D84BA-4917-4EB5-A3C9-3524866ED864}.Debug|Any CPU.ActiveCfg = Debug|Any CPU
		{745D84BA-4917-4EB5-A3C9-3524866ED864}.Debug|Any CPU.Build.0 = Debug|Any CPU
		{745D84BA-4917-4EB5-A3C9-3524866ED864}.Release|Any CPU.ActiveCfg = Release|Any CPU
		{745D84BA-4917-4EB5-A3C9-3524866ED864}.Release|Any CPU.Build.0 = Release|Any CPU
	EndGlobalSection
	GlobalSection(SolutionProperties) = preSolution
		HideSolutionNode = FALSE
	EndGlobalSection
EndGlobal
